
Microsoft Visual Studio Solution File, Format Version 12.00
# Visual Studio Version 16
VisualStudioVersion = 16.0.31515.178
MinimumVisualStudioVersion = 10.0.40219.1
Project("{FAE04EC0-301F-11D3-BF4B-00C04F79EFBC}") = "UserRegistration_LambdaExpression", "UserRegistration_LambdaExpression\UserRegistration_LambdaExpression.csproj", "{AE0096C5-9F01-43F2-A2E5-B7803EAC663C}"
EndProject
Global
	GlobalSection(SolutionConfigurationPlatforms) = preSolution
		Debug|Any CPU = Debug|Any CPU
		Release|Any CPU = Release|Any CPU
	EndGlobalSection
	GlobalSection(ProjectConfigurationPlatforms) = postSolution
		{AE0096C5-9F01-43F2-A2E5-B7803EAC663C}.Debug|Any CPU.ActiveCfg = Debug|Any CPU
		{AE0096C5-9F01-43F2-A2E5-B7803EAC663C}.Debug|Any CPU.Build.0 = Debug|Any CPU
		{AE0096C5-9F01-43F2-A2E5-B7803EAC663C}.Release|Any CPU.ActiveCfg = Release|Any CPU
		{AE0096C5-9F01-43F2-A2E5-B7803EAC663C}.Release|Any CPU.Build.0 = Release|Any CPU
	EndGlobalSection
	GlobalSection(SolutionProperties) = preSolution
		HideSolutionNode = FALSE
	EndGlobalSection
	GlobalSection(ExtensibilityGlobals) = postSolution
		SolutionGuid = {2E2C9070-FF0F-460B-A1D2-985EC06B4DF2}
	EndGlobalSection
EndGlobal
